Microsoft Visual Studio Solution File, Format Version 12.00
# Visual Studio 15
VisualStudioVersion = 15.0.26730.8
MinimumVisualStudioVersion = 10.0.40219.1
Project("{9A19103F-16F7-4668-BE54-9A1E7A4F7556}") = "DapperPlus", "DapperPlus\DapperPlus.csproj", "{37B9B9E6-B9CB-46E7-81BD-A9840F4C0C7A}"
EndProject
Project("{9A19103F-16F7-4668-BE54-9A1E7A4F7556}") = "ZeeShine.Data", "ZeeShine.Data\ZeeShine.Data.csproj", "{D1620C2F-D7E1-4F54-A1B3-7B92EB1C5A58}"
EndProject
Project("{9A19103F-16F7-4668-BE54-9A1E7A4F7556}") = "Dapper.Linq", "Dapper.Linq\Dapper.Linq.csproj", "{5E720092-C1D7-4D36-8E6F-B75FBDED28DC}"
EndProject
Project("{9A19103F-16F7-4668-BE54-9A1E7A4F7556}") = "Linq2Db", "Linq2Db\Linq2Db.csproj", "{F8AA6499-D0D1-4517-A914-CBB2F79CCD79}"
EndProject
Project("{9A19103F-16F7-4668-BE54-9A1E7A4F7556}") = "ConsoleApp1", "ConsoleApp1\ConsoleApp1.csproj", "{28C4DABD-DAF8-4030-975D-8A809C0CCD17}"
EndProject
Project("{9A19103F-16F7-4668-BE54-9A1E7A4F7556}") = "ConsoleApp1Linq2DB", "ConsoleApp1Linq2DB\ConsoleApp1Linq2DB.csproj", "{E49025B2-D36F-40F6-8FB5-1BE8762CEF60}"
EndProject
Global
	GlobalSection(SolutionConfigurationPlatforms) = preSolution
		Debug|Any CPU = Debug|Any CPU
		Release|Any CPU = Release|Any CPU
	EndGlobalSection
	GlobalSection(ProjectConfigurationPlatforms) = postSolution
		{37B9B9E6-B9CB-46E7-81BD-A9840F4C0C7A}.Debug|Any CPU.ActiveCfg = Debug|Any CPU
		{37B9B9E6-B9CB-46E7-81BD-A9840F4C0C7A}.Debug|Any CPU.Build.0 = Debug|Any CPU
		{37B9B9E6-B9CB-46E7-81BD-A9840F4C0C7A}.Release|Any CPU.ActiveCfg = Release|Any CPU
		{37B9B9E6-B9CB-46E7-81BD-A9840F4C0C7A}.Release|Any CPU.Build.0 = Release|Any CPU
		{D1620C2F-D7E1-4F54-A1B3-7B92EB1C5A58}.Debug|Any CPU.ActiveCfg = Debug|Any CPU
		{D1620C2F-D7E1-4F54-A1B3-7B92EB1C5A58}.Debug|Any CPU.Build.0 = Debug|Any CPU
		{D1620C2F-D7E1-4F54-A1B3-7B92EB1C5A58}.Release|Any CPU.ActiveCfg = Release|Any CPU
		{D1620C2F-D7E1-4F54-A1B3-7B92EB1C5A58}.Release|Any CPU.Build.0 = Release|Any CPU
		{5E720092-C1D7-4D36-8E6F-B75FBDED28DC}.Debug|Any CPU.ActiveCfg = Debug|Any CPU
		{5E720092-C1D7-4D36-8E6F-B75FBDED28DC}.Debug|Any CPU.Build.0 = Debug|Any CPU
		{5E720092-C1D7-4D36-8E6F-B75FBDED28DC}.Release|Any CPU.ActiveCfg = Release|Any CPU
		{5E720092-C1D7-4D36-8E6F-B75FBDED28DC}.Release|Any CPU.Build.0 = Release|Any CPU
		{F8AA6499-D0D1-4517-A914-CBB2F79CCD79}.Debug|Any CPU.ActiveCfg = Debug|Any CPU
		{F8AA6499-D0D1-4517-A914-CBB2F79CCD79}.Debug|Any CPU.Build.0 = Debug|Any CPU
		{F8AA6499-D0D1-4517-A914-CBB2F79CCD79}.Release|Any CPU.ActiveCfg = Release|Any CPU
		{F8AA6499-D0D1-4517-A914-CBB2F79CCD79}.Release|Any CPU.Build.0 = Release|Any CPU
		{28C4DABD-DAF8-4030-975D-8A809C0CCD17}.Debug|Any CPU.ActiveCfg = Debug|Any CPU
		{28C4DABD-DAF8-4030-975D-8A809C0CCD17}.Debug|Any CPU.Build.0 = Debug|Any CPU
		{28C4DABD-DAF8-4030-975D-8A809C0CCD17}.Release|Any CPU.ActiveCfg = Release|Any CPU
		{28C4DABD-DAF8-4030-975D-8A809C0CCD17}.Release|Any CPU.Build.0 = Release|Any CPU
		{E49025B2-D36F-40F6-8FB5-1BE8762CEF60}.Debug|Any CPU.ActiveCfg = Debug|Any CPU
		{E49025B2-D36F-40F6-8FB5-1BE8762CEF60}.Debug|Any CPU.Build.0 = Debug|Any CPU
		{E49025B2-D36F-40F6-8FB5-1BE8762CEF60}.Release|Any CPU.ActiveCfg = Release|Any CPU
		{E49025B2-D36F-40F6-8FB5-1BE8762CEF60}.Release|Any CPU.Build.0 = Release|Any CPU
	EndGlobalSection
	GlobalSection(SolutionProperties) = preSolution
		HideSolutionNode = FALSE
	EndGlobalSection
	GlobalSection(ExtensibilityGlobals) = postSolution
		SolutionGuid = {953BE439-F344-41BC-A377-151CC50E436E}
	EndGlobalSection
EndGlobal
